github.com/wzshiming/cursor v0.0.0-20190530095117-a6571ae04751 h1:sCmRADINCRiKdTjEgMlo0KiL/Htc0MFfQgIwVSwoOto=
github.com/wzshiming/cursor v0.0.0-20190530095117-a6571ae04751/go.mod h1:cqGIvb+4GlECk0FayOG3E/O3ySY/1MblNL5Hw2YK7i4=
github.com/wzshiming/deepclone v0.0.0-20181115082127-d7cd858fb95e h1:GGMz3YSx5t4O0GsPCD6ebq2G1e+Lb2ZPANSbdxuKtEA=
github.com/wzshiming/deepclone v0.0.0-20181115082127-d7cd858fb95e/go.mod h1:yw0FpJv7zNkB+ZrP9C8aPuyk+WJpr3WS7pTcsLN7e1A=
github.com/wzshiming/winseq v0.0.0-20181031094240-8a45cfbfe1c2 h1:JHnVrrYXAHarB01FiFduTV4t6QlQZyd5RcOjB5FZswU=
github.com/wzshiming/winseq v0.0.0-20181031094240-8a45cfbfe1c2/go.mod h1:VTAq37rkGeV+WOybvZwjXiJOicICdpLCN8ifpISjK20=
golang.org/x/sys v0.0.0-20191210023423-ac6580df4449 h1:gSbV7h1NRL2G1xTg/owz62CST1oJBmxy4QpMMregXVQ=
golang.org/x/sys v0.0.0-20191210023423-ac6580df4449/go.mod h1:h1NjWce9XRLGQEsW7wpKNCjG9DtNlClVuFLEZdDNbEs=
